
Microsoft Visual Studio Solution File, Format Version 10.00
# Visual Studio 2008
Project("{E24C65DC-7377-472B-9ABA-BC803B73C61A}") = "Shopping Card", "..\Sample Application", "{894921E8-1ECC-4C21-8C0C-F9E8B3EC6C02}"
	ProjectSection(WebsiteProperties) = preProject
		TargetFramework = "3.5"
		Debug.AspNetCompiler.VirtualPath = "/shopping_card"
		Debug.AspNetCompiler.PhysicalPath = "..\Sample Application\"
		Debug.AspNetCompiler.TargetPath = "PrecompiledWeb\shopping_card\"
		Debug.AspNetCompiler.Updateable = "true"
		Debug.AspNetCompiler.ForceOverwrite = "true"
		Debug.AspNetCompiler.FixedNames = "false"
		Debug.AspNetCompiler.Debug = "True"
		Release.AspNetCompiler.VirtualPath = "/shopping_card"
		Release.AspNetCompiler.PhysicalPath = "..\Sample Application\"
		Release.AspNetCompiler.TargetPath = "PrecompiledWeb\shopping_card\"
		Release.AspNetCompiler.Updateable = "true"
		Release.AspNetCompiler.ForceOverwrite = "true"
		Release.AspNetCompiler.FixedNames = "false"
		Release.AspNetCompiler.Debug = "False"
		VWDPort = "2627"
		DefaultWebSiteLanguage = "Visual C#"
	EndProjectSection
EndProject
Global
	GlobalSection(SolutionConfigurationPlatforms) = preSolution
		Debug|Any CPU = Debug|Any CPU
	EndGlobalSection
	GlobalSection(ProjectConfigurationPlatforms) = postSolution
		{894921E8-1ECC-4C21-8C0C-F9E8B3EC6C02}.Debug|Any CPU.ActiveCfg = Debug|Any CPU
		{894921E8-1ECC-4C21-8C0C-F9E8B3EC6C02}.Debug|Any CPU.Build.0 = Debug|Any CPU
	EndGlobalSection
	GlobalSection(SolutionProperties) = preSolution
		HideSolutionNode = FALSE
	EndGlobalSection
EndGlobal
